<Solution>
  <Folder Name="/.github/" />
  <Folder Name="/.github/workflows/">
    <File Path=".github/workflows/deploy.workflow.yml" />
    <File Path=".github/workflows/unit-tests.workflow.yml" />
  </Folder>
  <Folder Name="/.github/workflows/actions/" />
  <Folder Name="/.github/workflows/actions/nuget-pack/">
    <File Path=".github/workflows/actions/nuget-pack/action.yml" />
  </Folder>
  <Folder Name="/.github/workflows/actions/nuget-push/">
    <File Path=".github/workflows/actions/nuget-push/action.yml" />
  </Folder>
  <Folder Name="/examples/">
    <Project Path="examples/KetPsi.Logging.Extensions.WebApi.Example/KetPsi.Logging.Extensions.WebApi.Example.csproj" Id="b6867d06-6678-4acc-9635-5e87b476b447" />
  </Folder>
  <Folder Name="/src/">
    <Project Path="src/KetPsi.Extensions.Logging.Abstractions/KetPsi.Extensions.Logging.Abstractions.csproj" />
    <Project Path="src/KetPsi.Extensions.Logging.Console/KetPsi.Extensions.Logging.Console.csproj" Id="0d7bdb56-347d-492c-833d-26d5282d74a6" />
    <Project Path="src/KetPsi.Extensions.Logging.Generator/KetPsi.Extensions.Logging.Generator.csproj" Id="81c30729-0692-45cd-9623-d7eee69cd12b" />
    <Project Path="src/KetPsi.Extensions.Logging.OpenTelemetry/KetPsi.Extensions.Logging.OpenTelemetry.csproj" Id="a5782cef-f9b7-41f6-adef-100bf572d99d" />
  </Folder>
  <Folder Name="/tests/">
    <Project Path="tests/KetPsi.Extensions.Logging.Benchmarks/KetPsi.Extensions.Logging.Benchmarks.csproj" Id="708ca03e-d71a-4aab-89d6-e69ff607b041" />
    <Project Path="tests/KetPsi.Extensions.Logging.OpenTelemetry.Benchmarks/KetPsi.Extensions.Logging.OpenTelemetry.Benchmarks.csproj" Id="635ed511-f1e6-4261-b6ae-1b1802cd6577" />
    <Project Path="tests/KetPsi.Extensions.Logging.Tests/KetPsi.Extensions.Logging.Tests.csproj" />
  </Folder>
</Solution>
